
Microsoft Visual Studio Solution File, Format Version 11.00
# Visual Studio 2010
Project("{FAE04EC0-301F-11D3-BF4B-00C04F79EFBC}") = "GenericCardCollection", "GenericCardCollection\GenericCardCollection.csproj", "{4CD75232-CB4F-4205-A700-A2625091DE91}"
EndProject
Global
	GlobalSection(SolutionConfigurationPlatforms) = preSolution
		Debug|x86 = Debug|x86
		Release|x86 = Release|x86
	EndGlobalSection
	GlobalSection(ProjectConfigurationPlatforms) = postSolution
		{4CD75232-CB4F-4205-A700-A2625091DE91}.Debug|x86.ActiveCfg = Debug|x86
		{4CD75232-CB4F-4205-A700-A2625091DE91}.Debug|x86.Build.0 = Debug|x86
		{4CD75232-CB4F-4205-A700-A2625091DE91}.Release|x86.ActiveCfg = Release|x86
		{4CD75232-CB4F-4205-A700-A2625091DE91}.Release|x86.Build.0 = Release|x86
	EndGlobalSection
	GlobalSection(SolutionProperties) = preSolution
		HideSolutionNode = FALSE
	EndGlobalSection
EndGlobal
